
Microsoft Visual Studio Solution File, Format Version 12.00
# Visual Studio Version 16
VisualStudioVersion = 16.0.30104.148
MinimumVisualStudioVersion = 10.0.40219.1
Project("{9A19103F-16F7-4668-BE54-9A1E7A4F7556}") = "Min_Max_10818", "Min_Max_10818\Min_Max_10818.csproj", "{7A97AB20-7E7A-4CA7-A576-E1E88A1B1390}"
EndProject
Project("{FAE04EC0-301F-11D3-BF4B-00C04F79EFBC}") = "MaxNum_2562", "MaxNum_2562\MaxNum_2562.csproj", "{76501C2A-C0F7-4AC0-B539-C7AE77B8D4A7}"
EndProject
Global
	GlobalSection(SolutionConfigurationPlatforms) = preSolution
		Debug|Any CPU = Debug|Any CPU
		Release|Any CPU = Release|Any CPU
	EndGlobalSection
	GlobalSection(ProjectConfigurationPlatforms) = postSolution
		{7A97AB20-7E7A-4CA7-A576-E1E88A1B1390}.Debug|Any CPU.ActiveCfg = Debug|Any CPU
		{7A97AB20-7E7A-4CA7-A576-E1E88A1B1390}.Debug|Any CPU.Build.0 = Debug|Any CPU
		{7A97AB20-7E7A-4CA7-A576-E1E88A1B1390}.Release|Any CPU.ActiveCfg = Release|Any CPU
		{7A97AB20-7E7A-4CA7-A576-E1E88A1B1390}.Release|Any CPU.Build.0 = Release|Any CPU
		{76501C2A-C0F7-4AC0-B539-C7AE77B8D4A7}.Debug|Any CPU.ActiveCfg = Debug|Any CPU
		{76501C2A-C0F7-4AC0-B539-C7AE77B8D4A7}.Debug|Any CPU.Build.0 = Debug|Any CPU
		{76501C2A-C0F7-4AC0-B539-C7AE77B8D4A7}.Release|Any CPU.ActiveCfg = Release|Any CPU
		{76501C2A-C0F7-4AC0-B539-C7AE77B8D4A7}.Release|Any CPU.Build.0 = Release|Any CPU
	EndGlobalSection
	GlobalSection(SolutionProperties) = preSolution
		HideSolutionNode = FALSE
	EndGlobalSection
	GlobalSection(ExtensibilityGlobals) = postSolution
		SolutionGuid = {698AA35D-5F8C-4516-83ED-6D006F44F5AD}
	EndGlobalSection
EndGlobal
