
Microsoft Visual Studio Solution File, Format Version 12.00
# Visual Studio Version 16
VisualStudioVersion = 16.0.30104.148
MinimumVisualStudioVersion = 10.0.40219.1
Project("{9A19103F-16F7-4668-BE54-9A1E7A4F7556}") = "MultiTable_2739", "MultiTable_2739\MultiTable_2739.csproj", "{33671510-A165-4343-8526-C92CFD9C4FB8}"
EndProject
Project("{9A19103F-16F7-4668-BE54-9A1E7A4F7556}") = "AB_sub3_10950", "AB_sub3_10950\AB_sub3_10950.csproj", "{9C73BEA5-46A8-4E11-A512-A20AE00D8970}"
EndProject
Project("{9A19103F-16F7-4668-BE54-9A1E7A4F7556}") = "Plus_8393", "Plus_8393\Plus_8393.csproj", "{AA871F2A-4649-4B06-B5C3-F4D99FA15340}"
EndProject
Project("{9A19103F-16F7-4668-BE54-9A1E7A4F7556}") = "FastAB_15552", "FastAB_15552\FastAB_15552.csproj", "{C1F656DD-CB27-45FC-BE71-068732930FA4}"
EndProject
Project("{9A19103F-16F7-4668-BE54-9A1E7A4F7556}") = "N_2741", "N_2741\N_2741.csproj", "{0B16C5A1-2BCD-4617-BBDD-1E9AED8D8903}"
EndProject
Project("{9A19103F-16F7-4668-BE54-9A1E7A4F7556}") = "ReverseN_2742", "ReverseN_2742\ReverseN_2742.csproj", "{972A85A8-62F7-459B-A8A5-E6BA90EF6C90}"
EndProject
Project("{9A19103F-16F7-4668-BE54-9A1E7A4F7556}") = "AB_sub7_11021", "AB_sub7_11021\AB_sub7_11021.csproj", "{5F642553-25BD-4341-A7D3-2E42750E3A68}"
EndProject
Project("{9A19103F-16F7-4668-BE54-9A1E7A4F7556}") = "AB_sub8_11022", "AB_sub8_11022\AB_sub8_11022.csproj", "{7E37E532-5EB8-4FA3-B9A1-9FAC58115F7F}"
EndProject
Project("{9A19103F-16F7-4668-BE54-9A1E7A4F7556}") = "star1_2438", "star1_2438\star1_2438.csproj", "{8CE6AD34-80A8-4353-80E2-2B66B59F2A2D}"
EndProject
Project("{FAE04EC0-301F-11D3-BF4B-00C04F79EFBC}") = "Star2_2439", "Star2_2439\Star2_2439.csproj", "{1D783C41-6F3B-4D55-B021-E271D2796362}"
EndProject
Project("{FAE04EC0-301F-11D3-BF4B-00C04F79EFBC}") = "XtoSmall_10871", "XtoSmall_10871\XtoSmall_10871.csproj", "{2EC06662-F5EE-47E7-8999-112B2BA99701}"
EndProject
Global
	GlobalSection(SolutionConfigurationPlatforms) = preSolution
		Debug|Any CPU = Debug|Any CPU
		Release|Any CPU = Release|Any CPU
	EndGlobalSection
	GlobalSection(ProjectConfigurationPlatforms) = postSolution
		{33671510-A165-4343-8526-C92CFD9C4FB8}.Debug|Any CPU.ActiveCfg = Debug|Any CPU
		{33671510-A165-4343-8526-C92CFD9C4FB8}.Debug|Any CPU.Build.0 = Debug|Any CPU
		{33671510-A165-4343-8526-C92CFD9C4FB8}.Release|Any CPU.ActiveCfg = Release|Any CPU
		{33671510-A165-4343-8526-C92CFD9C4FB8}.Release|Any CPU.Build.0 = Release|Any CPU
		{9C73BEA5-46A8-4E11-A512-A20AE00D8970}.Debug|Any CPU.ActiveCfg = Debug|Any CPU
		{9C73BEA5-46A8-4E11-A512-A20AE00D8970}.Debug|Any CPU.Build.0 = Debug|Any CPU
		{9C73BEA5-46A8-4E11-A512-A20AE00D8970}.Release|Any CPU.ActiveCfg = Release|Any CPU
		{9C73BEA5-46A8-4E11-A512-A20AE00D8970}.Release|Any CPU.Build.0 = Release|Any CPU
		{AA871F2A-4649-4B06-B5C3-F4D99FA15340}.Debug|Any CPU.ActiveCfg = Debug|Any CPU
		{AA871F2A-4649-4B06-B5C3-F4D99FA15340}.Debug|Any CPU.Build.0 = Debug|Any CPU
		{AA871F2A-4649-4B06-B5C3-F4D99FA15340}.Release|Any CPU.ActiveCfg = Release|Any CPU
		{AA871F2A-4649-4B06-B5C3-F4D99FA15340}.Release|Any CPU.Build.0 = Release|Any CPU
		{C1F656DD-CB27-45FC-BE71-068732930FA4}.Debug|Any CPU.ActiveCfg = Debug|Any CPU
		{C1F656DD-CB27-45FC-BE71-068732930FA4}.Debug|Any CPU.Build.0 = Debug|Any CPU
		{C1F656DD-CB27-45FC-BE71-068732930FA4}.Release|Any CPU.ActiveCfg = Release|Any CPU
		{C1F656DD-CB27-45FC-BE71-068732930FA4}.Release|Any CPU.Build.0 = Release|Any CPU
		{0B16C5A1-2BCD-4617-BBDD-1E9AED8D8903}.Debug|Any CPU.ActiveCfg = Debug|Any CPU
		{0B16C5A1-2BCD-4617-BBDD-1E9AED8D8903}.Debug|Any CPU.Build.0 = Debug|Any CPU
		{0B16C5A1-2BCD-4617-BBDD-1E9AED8D8903}.Release|Any CPU.ActiveCfg = Release|Any CPU
		{0B16C5A1-2BCD-4617-BBDD-1E9AED8D8903}.Release|Any CPU.Build.0 = Release|Any CPU
		{972A85A8-62F7-459B-A8A5-E6BA90EF6C90}.Debug|Any CPU.ActiveCfg = Debug|Any CPU
		{972A85A8-62F7-459B-A8A5-E6BA90EF6C90}.Debug|Any CPU.Build.0 = Debug|Any CPU
		{972A85A8-62F7-459B-A8A5-E6BA90EF6C90}.Release|Any CPU.ActiveCfg = Release|Any CPU
		{972A85A8-62F7-459B-A8A5-E6BA90EF6C90}.Release|Any CPU.Build.0 = Release|Any CPU
		{5F642553-25BD-4341-A7D3-2E42750E3A68}.Debug|Any CPU.ActiveCfg = Debug|Any CPU
		{5F642553-25BD-4341-A7D3-2E42750E3A68}.Debug|Any CPU.Build.0 = Debug|Any CPU
		{5F642553-25BD-4341-A7D3-2E42750E3A68}.Release|Any CPU.ActiveCfg = Release|Any CPU
		{5F642553-25BD-4341-A7D3-2E42750E3A68}.Release|Any CPU.Build.0 = Release|Any CPU
		{7E37E532-5EB8-4FA3-B9A1-9FAC58115F7F}.Debug|Any CPU.ActiveCfg = Debug|Any CPU
		{7E37E532-5EB8-4FA3-B9A1-9FAC58115F7F}.Debug|Any CPU.Build.0 = Debug|Any CPU
		{7E37E532-5EB8-4FA3-B9A1-9FAC58115F7F}.Release|Any CPU.ActiveCfg = Release|Any CPU
		{7E37E532-5EB8-4FA3-B9A1-9FAC58115F7F}.Release|Any CPU.Build.0 = Release|Any CPU
		{8CE6AD34-80A8-4353-80E2-2B66B59F2A2D}.Debug|Any CPU.ActiveCfg = Debug|Any CPU
		{8CE6AD34-80A8-4353-80E2-2B66B59F2A2D}.Debug|Any CPU.Build.0 = Debug|Any CPU
		{8CE6AD34-80A8-4353-80E2-2B66B59F2A2D}.Release|Any CPU.ActiveCfg = Release|Any CPU
		{8CE6AD34-80A8-4353-80E2-2B66B59F2A2D}.Release|Any CPU.Build.0 = Release|Any CPU
		{1D783C41-6F3B-4D55-B021-E271D2796362}.Debug|Any CPU.ActiveCfg = Debug|Any CPU
		{1D783C41-6F3B-4D55-B021-E271D2796362}.Debug|Any CPU.Build.0 = Debug|Any CPU
		{1D783C41-6F3B-4D55-B021-E271D2796362}.Release|Any CPU.ActiveCfg = Release|Any CPU
		{1D783C41-6F3B-4D55-B021-E271D2796362}.Release|Any CPU.Build.0 = Release|Any CPU
		{2EC06662-F5EE-47E7-8999-112B2BA99701}.Debug|Any CPU.ActiveCfg = Debug|Any CPU
		{2EC06662-F5EE-47E7-8999-112B2BA99701}.Debug|Any CPU.Build.0 = Debug|Any CPU
		{2EC06662-F5EE-47E7-8999-112B2BA99701}.Release|Any CPU.ActiveCfg = Release|Any CPU
		{2EC06662-F5EE-47E7-8999-112B2BA99701}.Release|Any CPU.Build.0 = Release|Any CPU
	EndGlobalSection
	GlobalSection(SolutionProperties) = preSolution
		HideSolutionNode = FALSE
	EndGlobalSection
	GlobalSection(ExtensibilityGlobals) = postSolution
		SolutionGuid = {F132AC4B-3DD4-4548-85D4-EAE229C60629}
	EndGlobalSection
EndGlobal
